
Microsoft Visual Studio Solution File, Format Version 12.00
# Visual Studio 15
VisualStudioVersion = 15.0.28307.645
MinimumVisualStudioVersion = 10.0.40219.1
Project("{FAE04EC0-301F-11D3-BF4B-00C04F79EFBC}") = "Maths.IO", "Maths.IO\Maths.IO.csproj", "{49DE238F-8EB3-4C47-A96B-E67CD9C6DE2C}"
EndProject
Project("{FAE04EC0-301F-11D3-BF4B-00C04F79EFBC}") = "Maths.IO.Test", "Maths.IO.Test\Maths.IO.Test.csproj", "{6DC60AD8-0B24-46BF-98D3-330840CD28EC}"
EndProject
Global
	GlobalSection(SolutionConfigurationPlatforms) = preSolution
		Debug|Any CPU = Debug|Any CPU
		Release|Any CPU = Release|Any CPU
	EndGlobalSection
	GlobalSection(ProjectConfigurationPlatforms) = postSolution
		{49DE238F-8EB3-4C47-A96B-E67CD9C6DE2C}.Debug|Any CPU.ActiveCfg = Debug|Any CPU
		{49DE238F-8EB3-4C47-A96B-E67CD9C6DE2C}.Debug|Any CPU.Build.0 = Debug|Any CPU
		{49DE238F-8EB3-4C47-A96B-E67CD9C6DE2C}.Release|Any CPU.ActiveCfg = Release|Any CPU
		{49DE238F-8EB3-4C47-A96B-E67CD9C6DE2C}.Release|Any CPU.Build.0 = Release|Any CPU
		{6DC60AD8-0B24-46BF-98D3-330840CD28EC}.Debug|Any CPU.ActiveCfg = Debug|Any CPU
		{6DC60AD8-0B24-46BF-98D3-330840CD28EC}.Debug|Any CPU.Build.0 = Debug|Any CPU
		{6DC60AD8-0B24-46BF-98D3-330840CD28EC}.Release|Any CPU.ActiveCfg = Release|Any CPU
		{6DC60AD8-0B24-46BF-98D3-330840CD28EC}.Release|Any CPU.Build.0 = Release|Any CPU
	EndGlobalSection
	GlobalSection(SolutionProperties) = preSolution
		HideSolutionNode = FALSE
	EndGlobalSection
	GlobalSection(ExtensibilityGlobals) = postSolution
		SolutionGuid = {6E09708A-C7EE-40B4-B66A-504DCFF2E823}
	EndGlobalSection
EndGlobal
